github.com/gastrodon/groudon v1.0.1 h1:Fy/wjIsizFAcSqKStbUd59IyKdYZAG6Rah8Y7DP5PTs=
github.com/gastrodon/groudon/v2 v2.0.0 h1:TIFtj7CqBRZtIH9xzwWlVChJwD2YJ6hXOohBsAy/hk0=
github.com/gastrodon/groudon/v2 v2.0.0/go.mod h1:XP/LuJlG3x4BPQluuWRNkKfB8zEdjUBGYnk1N8njKck=
github.com/google/uuid v1.1.4/go.mod h1:TIyPZe4MgqvfeYDBFedMoGGpEw/LqOeaOT+nhxU+yHo=
github.com/mitchellh/mapstructure v1.3.2 h1:mRS76wmkOn3KkKAyXDu42V+6ebnXWIztFSYGN7GeoRg=
github.com/mitchellh/mapstructure v1.3.2/go.mod h1:bFUtVrKA4DC2yAKiSyO/QUcy7e+RRV2QTWOzhPopBRo=
